
Microsoft Visual Studio Solution File, Format Version 12.00
# Visual Studio 2012
Project("{FAE04EC0-301F-11D3-BF4B-00C04F79EFBC}") = "CRMUGSummit_AdvJS_Examples", "CRMUGSummit_AdvJS_Examples\CRMUGSummit_AdvJS_Examples.csproj", "{1BE1B772-B4EC-4E3F-A106-0988E6A92490}"
EndProject
Global
	GlobalSection(TeamFoundationVersionControl) = preSolution
		SccNumberOfProjects = 2
		SccEnterpriseProvider = {4CA58AB2-18FA-4F8D-95D4-32DDF27D184C}
		SccTeamFoundationServer = https://jlattimer.visualstudio.com/defaultcollection
		SccLocalPath0 = .
		SccProjectUniqueName1 = CRMUGSummit_AdvJS_Examples\\CRMUGSummit_AdvJS_Examples.csproj
		SccProjectName1 = CRMUGSummit_AdvJS_Examples
		SccLocalPath1 = CRMUGSummit_AdvJS_Examples
	EndGlobalSection
	GlobalSection(SolutionConfigurationPlatforms) = preSolution
		Debug|Any CPU = Debug|Any CPU
		Release|Any CPU = Release|Any CPU
	EndGlobalSection
	GlobalSection(ProjectConfigurationPlatforms) = postSolution
		{1BE1B772-B4EC-4E3F-A106-0988E6A92490}.Debug|Any CPU.ActiveCfg = Debug|Any CPU
		{1BE1B772-B4EC-4E3F-A106-0988E6A92490}.Debug|Any CPU.Build.0 = Debug|Any CPU
		{1BE1B772-B4EC-4E3F-A106-0988E6A92490}.Release|Any CPU.ActiveCfg = Release|Any CPU
		{1BE1B772-B4EC-4E3F-A106-0988E6A92490}.Release|Any CPU.Build.0 = Release|Any CPU
	EndGlobalSection
	GlobalSection(SolutionProperties) = preSolution
		HideSolutionNode = FALSE
	EndGlobalSection
EndGlobal
